
Microsoft Visual Studio Solution File, Format Version 12.00
# Visual Studio Version 17
VisualStudioVersion = 17.10.35122.118
MinimumVisualStudioVersion = 10.0.40219.1
Project("{FAE04EC0-301F-11D3-BF4B-00C04F79EFBC}") = "screenprotector", "screenprotector\screenprotector.csproj", "{7746E464-E34B-4B47-8563-F209AE2F71EF}"
EndProject
Global
	GlobalSection(SolutionConfigurationPlatforms) = preSolution
		Debug|Any CPU = Debug|Any CPU
		Release|Any CPU = Release|Any CPU
	EndGlobalSection
	GlobalSection(ProjectConfigurationPlatforms) = postSolution
		{7746E464-E34B-4B47-8563-F209AE2F71EF}.Debug|Any CPU.ActiveCfg = Debug|Any CPU
		{7746E464-E34B-4B47-8563-F209AE2F71EF}.Debug|Any CPU.Build.0 = Debug|Any CPU
		{7746E464-E34B-4B47-8563-F209AE2F71EF}.Release|Any CPU.ActiveCfg = Release|Any CPU
		{7746E464-E34B-4B47-8563-F209AE2F71EF}.Release|Any CPU.Build.0 = Release|Any CPU
	EndGlobalSection
	GlobalSection(SolutionProperties) = preSolution
		HideSolutionNode = FALSE
	EndGlobalSection
	GlobalSection(ExtensibilityGlobals) = postSolution
		SolutionGuid = {5EA9A711-8D9C-44DE-AC3A-D02316F05DB7}
	EndGlobalSection
EndGlobal
